
Microsoft Visual Studio Solution File, Format Version 12.00
# Visual Studio Version 16
VisualStudioVersion = 16.0.31105.61
MinimumVisualStudioVersion = 10.0.40219.1
Project("{9A19103F-16F7-4668-BE54-9A1E7A4F7556}") = "ExamManagement.WebApi", "ExamManagement.WebApi\ExamManagement.WebApi.csproj", "{75C73B87-DED6-413D-AD0B-B59E0782BAB3}"
EndProject
Project("{9A19103F-16F7-4668-BE54-9A1E7A4F7556}") = "ExamManagement.Business", "ExamManagement.Business\ExamManagement.Business.csproj", "{084630A4-2A7B-47B6-A08C-6A7FB6F6CE7A}"
EndProject
Project("{9A19103F-16F7-4668-BE54-9A1E7A4F7556}") = "ExamManagement.Persistence", "ExamManagement.Persistence\ExamManagement.Persistence.csproj", "{A33709CF-7A6A-4539-9409-AA47CCCF7A4D}"
EndProject
Project("{9A19103F-16F7-4668-BE54-9A1E7A4F7556}") = "ExamManagement.DataAccess", "..\ExamManagement.Database\DataAccess\ExamManagement.DataAccess.csproj", "{28A79837-B7C5-4378-9734-5C60C80DCCC7}"
EndProject
Project("{9A19103F-16F7-4668-BE54-9A1E7A4F7556}") = "ExamManagement.Entities", "..\ExamManagement.Database\Entities\ExamManagement.Entities.csproj", "{1BE59E7F-74FD-4F73-949E-9172FE7BC5A1}"
EndProject
Project("{2150E333-8FDC-42A3-9474-1A3956D46DE8}") = "01. Presentation", "01. Presentation", "{AE17E0C5-7327-41FE-BB05-4FD05934E189}"
EndProject
Project("{2150E333-8FDC-42A3-9474-1A3956D46DE8}") = "02. Business", "02. Business", "{B1A44F48-5F29-4051-AC48-627493EEDED1}"
EndProject
Project("{2150E333-8FDC-42A3-9474-1A3956D46DE8}") = "03. Persistence", "03. Persistence", "{385DCFCC-DBE5-4A6C-9D5C-A717BBEA09DB}"
EndProject
Project("{2150E333-8FDC-42A3-9474-1A3956D46DE8}") = "04. Tests", "04. Tests", "{6D6B2106-8392-4DCF-B159-4F3AA0565B0F}"
EndProject
Global
	GlobalSection(SolutionConfigurationPlatforms) = preSolution
		Debug|Any CPU = Debug|Any CPU
		Release|Any CPU = Release|Any CPU
	EndGlobalSection
	GlobalSection(ProjectConfigurationPlatforms) = postSolution
		{75C73B87-DED6-413D-AD0B-B59E0782BAB3}.Debug|Any CPU.ActiveCfg = Debug|Any CPU
		{75C73B87-DED6-413D-AD0B-B59E0782BAB3}.Debug|Any CPU.Build.0 = Debug|Any CPU
		{75C73B87-DED6-413D-AD0B-B59E0782BAB3}.Release|Any CPU.ActiveCfg = Release|Any CPU
		{75C73B87-DED6-413D-AD0B-B59E0782BAB3}.Release|Any CPU.Build.0 = Release|Any CPU
		{084630A4-2A7B-47B6-A08C-6A7FB6F6CE7A}.Debug|Any CPU.ActiveCfg = Debug|Any CPU
		{084630A4-2A7B-47B6-A08C-6A7FB6F6CE7A}.Debug|Any CPU.Build.0 = Debug|Any CPU
		{084630A4-2A7B-47B6-A08C-6A7FB6F6CE7A}.Release|Any CPU.ActiveCfg = Release|Any CPU
		{084630A4-2A7B-47B6-A08C-6A7FB6F6CE7A}.Release|Any CPU.Build.0 = Release|Any CPU
		{A33709CF-7A6A-4539-9409-AA47CCCF7A4D}.Debug|Any CPU.ActiveCfg = Debug|Any CPU
		{A33709CF-7A6A-4539-9409-AA47CCCF7A4D}.Debug|Any CPU.Build.0 = Debug|Any CPU
		{A33709CF-7A6A-4539-9409-AA47CCCF7A4D}.Release|Any CPU.ActiveCfg = Release|Any CPU
		{A33709CF-7A6A-4539-9409-AA47CCCF7A4D}.Release|Any CPU.Build.0 = Release|Any CPU
		{28A79837-B7C5-4378-9734-5C60C80DCCC7}.Debug|Any CPU.ActiveCfg = Debug|Any CPU
		{28A79837-B7C5-4378-9734-5C60C80DCCC7}.Debug|Any CPU.Build.0 = Debug|Any CPU
		{28A79837-B7C5-4378-9734-5C60C80DCCC7}.Release|Any CPU.ActiveCfg = Release|Any CPU
		{28A79837-B7C5-4378-9734-5C60C80DCCC7}.Release|Any CPU.Build.0 = Release|Any CPU
		{1BE59E7F-74FD-4F73-949E-9172FE7BC5A1}.Debug|Any CPU.ActiveCfg = Debug|Any CPU
		{1BE59E7F-74FD-4F73-949E-9172FE7BC5A1}.Debug|Any CPU.Build.0 = Debug|Any CPU
		{1BE59E7F-74FD-4F73-949E-9172FE7BC5A1}.Release|Any CPU.ActiveCfg = Release|Any CPU
		{1BE59E7F-74FD-4F73-949E-9172FE7BC5A1}.Release|Any CPU.Build.0 = Release|Any CPU
	EndGlobalSection
	GlobalSection(SolutionProperties) = preSolution
		HideSolutionNode = FALSE
	EndGlobalSection
	GlobalSection(NestedProjects) = preSolution
		{084630A4-2A7B-47B6-A08C-6A7FB6F6CE7A} = {6D6B2106-8392-4DCF-B159-4F3AA0565B0F}
		{A33709CF-7A6A-4539-9409-AA47CCCF7A4D} = {385DCFCC-DBE5-4A6C-9D5C-A717BBEA09DB}
		{28A79837-B7C5-4378-9734-5C60C80DCCC7} = {385DCFCC-DBE5-4A6C-9D5C-A717BBEA09DB}
		{1BE59E7F-74FD-4F73-949E-9172FE7BC5A1} = {385DCFCC-DBE5-4A6C-9D5C-A717BBEA09DB}
	EndGlobalSection
	GlobalSection(ExtensibilityGlobals) = postSolution
		SolutionGuid = {B7DD376A-3AD2-4A68-9D40-6D21966A6379}
	EndGlobalSection
EndGlobal
