
Microsoft Visual Studio Solution File, Format Version 12.00
# Visual Studio Version 16
VisualStudioVersion = 16.0.31105.61
MinimumVisualStudioVersion = 10.0.40219.1
Project("{9A19103F-16F7-4668-BE54-9A1E7A4F7556}") = "ExamManagement.WebApi", "ExamManagement.WebApi\ExamManagement.WebApi.csproj", "{75C73B87-DED6-413D-AD0B-B59E0782BAB3}"
EndProject
Project("{9A19103F-16F7-4668-BE54-9A1E7A4F7556}") = "ExamManagement.Business", "ExamManagement.Business\ExamManagement.Business.csproj", "{084630A4-2A7B-47B6-A08C-6A7FB6F6CE7A}"
EndProject
Project("{9A19103F-16F7-4668-BE54-9A1E7A4F7556}") = "ExamManagement.Persistence", "ExamManagement.Persistence\ExamManagement.Persistence.csproj", "{A33709CF-7A6A-4539-9409-AA47CCCF7A4D}"
EndProject
Global
	GlobalSection(SolutionConfigurationPlatforms) = preSolution
		Debug|Any CPU = Debug|Any CPU
		Release|Any CPU = Release|Any CPU
	EndGlobalSection
	GlobalSection(ProjectConfigurationPlatforms) = postSolution
		{75C73B87-DED6-413D-AD0B-B59E0782BAB3}.Debug|Any CPU.ActiveCfg = Debug|Any CPU
		{75C73B87-DED6-413D-AD0B-B59E0782BAB3}.Debug|Any CPU.Build.0 = Debug|Any CPU
		{75C73B87-DED6-413D-AD0B-B59E0782BAB3}.Release|Any CPU.ActiveCfg = Release|Any CPU
		{75C73B87-DED6-413D-AD0B-B59E0782BAB3}.Release|Any CPU.Build.0 = Release|Any CPU
		{084630A4-2A7B-47B6-A08C-6A7FB6F6CE7A}.Debug|Any CPU.ActiveCfg = Debug|Any CPU
		{084630A4-2A7B-47B6-A08C-6A7FB6F6CE7A}.Debug|Any CPU.Build.0 = Debug|Any CPU
		{084630A4-2A7B-47B6-A08C-6A7FB6F6CE7A}.Release|Any CPU.ActiveCfg = Release|Any CPU
		{084630A4-2A7B-47B6-A08C-6A7FB6F6CE7A}.Release|Any CPU.Build.0 = Release|Any CPU
		{A33709CF-7A6A-4539-9409-AA47CCCF7A4D}.Debug|Any CPU.ActiveCfg = Debug|Any CPU
		{A33709CF-7A6A-4539-9409-AA47CCCF7A4D}.Debug|Any CPU.Build.0 = Debug|Any CPU
		{A33709CF-7A6A-4539-9409-AA47CCCF7A4D}.Release|Any CPU.ActiveCfg = Release|Any CPU
		{A33709CF-7A6A-4539-9409-AA47CCCF7A4D}.Release|Any CPU.Build.0 = Release|Any CPU
	EndGlobalSection
	GlobalSection(SolutionProperties) = preSolution
		HideSolutionNode = FALSE
	EndGlobalSection
	GlobalSection(ExtensibilityGlobals) = postSolution
		SolutionGuid = {B7DD376A-3AD2-4A68-9D40-6D21966A6379}
	EndGlobalSection
EndGlobal
